
Microsoft Visual Studio Solution File, Format Version 12.00
# Visual Studio Version 17
VisualStudioVersion = 17.9.34728.123
MinimumVisualStudioVersion = 10.0.40219.1
Project("{FAE04EC0-301F-11D3-BF4B-00C04F79EFBC}") = "AnimalesFormNetMVC", "AnimalesFormNetMVC\AnimalesFormNetMVC.csproj", "{3BBF9049-7781-4085-97D6-C60FC7DDCD0B}"
EndProject
Global
	GlobalSection(SolutionConfigurationPlatforms) = preSolution
		Debug|Any CPU = Debug|Any CPU
		Release|Any CPU = Release|Any CPU
	EndGlobalSection
	GlobalSection(ProjectConfigurationPlatforms) = postSolution
		{3BBF9049-7781-4085-97D6-C60FC7DDCD0B}.Debug|Any CPU.ActiveCfg = Debug|Any CPU
		{3BBF9049-7781-4085-97D6-C60FC7DDCD0B}.Debug|Any CPU.Build.0 = Debug|Any CPU
		{3BBF9049-7781-4085-97D6-C60FC7DDCD0B}.Release|Any CPU.ActiveCfg = Release|Any CPU
		{3BBF9049-7781-4085-97D6-C60FC7DDCD0B}.Release|Any CPU.Build.0 = Release|Any CPU
	EndGlobalSection
	GlobalSection(SolutionProperties) = preSolution
		HideSolutionNode = FALSE
	EndGlobalSection
	GlobalSection(ExtensibilityGlobals) = postSolution
		SolutionGuid = {29881CC5-6194-408B-BF3C-683F8903D234}
	EndGlobalSection
EndGlobal
